
Microsoft Visual Studio Solution File, Format Version 12.00
# Visual Studio Version 16
VisualStudioVersion = 16.0.31410.357
MinimumVisualStudioVersion = 10.0.40219.1
Project("{FAE04EC0-301F-11D3-BF4B-00C04F79EFBC}") = "OperatorBot", "OperatorBot\OperatorBot.csproj", "{53A69068-4F0C-43CD-A61D-CB2046F9FA4D}"
EndProject
Global
	GlobalSection(SolutionConfigurationPlatforms) = preSolution
		Debug|Any CPU = Debug|Any CPU
		Release|Any CPU = Release|Any CPU
	EndGlobalSection
	GlobalSection(ProjectConfigurationPlatforms) = postSolution
		{53A69068-4F0C-43CD-A61D-CB2046F9FA4D}.Debug|Any CPU.ActiveCfg = Debug|Any CPU
		{53A69068-4F0C-43CD-A61D-CB2046F9FA4D}.Debug|Any CPU.Build.0 = Debug|Any CPU
		{53A69068-4F0C-43CD-A61D-CB2046F9FA4D}.Release|Any CPU.ActiveCfg = Release|Any CPU
		{53A69068-4F0C-43CD-A61D-CB2046F9FA4D}.Release|Any CPU.Build.0 = Release|Any CPU
	EndGlobalSection
	GlobalSection(SolutionProperties) = preSolution
		HideSolutionNode = FALSE
	EndGlobalSection
	GlobalSection(ExtensibilityGlobals) = postSolution
		SolutionGuid = {301ADBB6-8483-41E4-90AB-461E29C301A2}
	EndGlobalSection
EndGlobal
